
Microsoft Visual Studio Solution File, Format Version 12.00
# Visual Studio Version 16
VisualStudioVersion = 16.0.31424.327
MinimumVisualStudioVersion = 10.0.40219.1
Project("{FAE04EC0-301F-11D3-BF4B-00C04F79EFBC}") = "AngularPlanning", "AngularPlanning\AngularPlanning.csproj", "{89D57989-342F-46E9-8C61-0E4AA4E6C0ED}"
EndProject
Global
	GlobalSection(SolutionConfigurationPlatforms) = preSolution
		Debug|Any CPU = Debug|Any CPU
		Release|Any CPU = Release|Any CPU
	EndGlobalSection
	GlobalSection(ProjectConfigurationPlatforms) = postSolution
		{89D57989-342F-46E9-8C61-0E4AA4E6C0ED}.Debug|Any CPU.ActiveCfg = Debug|Any CPU
		{89D57989-342F-46E9-8C61-0E4AA4E6C0ED}.Debug|Any CPU.Build.0 = Debug|Any CPU
		{89D57989-342F-46E9-8C61-0E4AA4E6C0ED}.Release|Any CPU.ActiveCfg = Release|Any CPU
		{89D57989-342F-46E9-8C61-0E4AA4E6C0ED}.Release|Any CPU.Build.0 = Release|Any CPU
	EndGlobalSection
	GlobalSection(SolutionProperties) = preSolution
		HideSolutionNode = FALSE
	EndGlobalSection
	GlobalSection(ExtensibilityGlobals) = postSolution
		SolutionGuid = {2FCFC959-1C14-4F48-89DE-F2079AEF3E94}
	EndGlobalSection
EndGlobal
